
Microsoft Visual Studio Solution File, Format Version 12.00
# Visual Studio Version 17
VisualStudioVersion = 17.10.35027.167
MinimumVisualStudioVersion = 10.0.40219.1
Project("{FAE04EC0-301F-11D3-BF4B-00C04F79EFBC}") = "OrderAccumulator", "OrderAccumulator\OrderAccumulator.csproj", "{9006CE33-8FC9-462F-9DAD-FA7934622736}"
EndProject
Global
	GlobalSection(SolutionConfigurationPlatforms) = preSolution
		Debug|Any CPU = Debug|Any CPU
		Release|Any CPU = Release|Any CPU
	EndGlobalSection
	GlobalSection(ProjectConfigurationPlatforms) = postSolution
		{9006CE33-8FC9-462F-9DAD-FA7934622736}.Debug|Any CPU.ActiveCfg = Debug|Any CPU
		{9006CE33-8FC9-462F-9DAD-FA7934622736}.Debug|Any CPU.Build.0 = Debug|Any CPU
		{9006CE33-8FC9-462F-9DAD-FA7934622736}.Release|Any CPU.ActiveCfg = Release|Any CPU
		{9006CE33-8FC9-462F-9DAD-FA7934622736}.Release|Any CPU.Build.0 = Release|Any CPU
	EndGlobalSection
	GlobalSection(SolutionProperties) = preSolution
		HideSolutionNode = FALSE
	EndGlobalSection
	GlobalSection(ExtensibilityGlobals) = postSolution
		SolutionGuid = {04CABFDF-A7DF-4364-8D03-1CD70DF08623}
	EndGlobalSection
EndGlobal
